<?xml version="1.0" encoding="utf-8"?>
<Project ToolsVersion="4.0" xmlns="http://schemas.microsoft.com/developer/msbuild/2003">
  <ItemGroup>
    <Filter Include="Source Files">
      <UniqueIdentifier>{4FC737F1-C7A5-4376-A066-2A32D752A2FF}</UniqueIdentifier>
      <Extensions>cpp;c;cc;cxx;c++;cppm;ixx;def;odl;idl;hpj;bat;asm;asmx</Extensions>
    </Filter>
    <Filter Include="Header Files">
      <UniqueIdentifier>{93995380-89BD-4b04-88EB-625FBE52EBFB}</UniqueIdentifier>
      <Extensions>h;hh;hpp;hxx;h++;hm;inl;inc;ipp;xsd</Extensions>
    </Filter>
    <Filter Include="Resource Files">
      <UniqueIdentifier>{67DA6AB6-F800-4c08-8B7A-83BB121AAD01}</UniqueIdentifier>
      <Extensions>rc;ico;cur;bmp;dlg;rc2;rct;bin;rgs;gif;jpg;jpeg;jpe;resx;tiff;tif;png;wav;mfcribbon-ms</Extensions>
    </Filter>
  </ItemGroup>
  <ItemGroup>
    <ClCompile Include="src\helperFunctions.cpp">
      <Filter>Source Files</Filter>
    </ClCompile>
    <ClCompile Include="src\krekens_overlay.cpp">
      <Filter>Source Files</Filter>
    </ClCompile>
    <ClCompile Include="src\main.cpp">
      <Filter>Source Files</Filter>
    </ClCompile>
    <ClCompile Include="src\windivertFunctions.cpp">
      <Filter>Source Files</Filter>
    </ClCompile>
    <ClCompile Include="src\imgui_impl_opengl3.cpp">
      <Filter>Source Files</Filter>
    </ClCompile>
    <ClCompile Include="src\imgui_impl_win32.cpp">
      <Filter>Source Files</Filter>
    </ClCompile>
    <ClCompile Include="src\ConfigFile.cpp">
      <Filter>Source Files</Filter>
    </ClCompile>
    <ClCompile Include="src\HotkeyManager.cpp">
      <Filter>Source Files</Filter>
    </ClCompile>
  </ItemGroup>
  <ItemGroup>
    <ClInclude Include="phnt\ntbcd.h">
      <Filter>Header Files</Filter>
    </ClInclude>
    <ClInclude Include="phnt\ntdbg.h">
      <Filter>Header Files</Filter>
    </ClInclude>
    <ClInclude Include="phnt\ntexapi.h">
      <Filter>Header Files</Filter>
    </ClInclude>
    <ClInclude Include="phnt\ntgdi.h">
      <Filter>Header Files</Filter>
    </ClInclude>
    <ClInclude Include="phnt\ntioapi.h">
      <Filter>Header Files</Filter>
    </ClInclude>
    <ClInclude Include="phnt\ntkeapi.h">
      <Filter>Header Files</Filter>
    </ClInclude>
    <ClInclude Include="phnt\ntldr.h">
      <Filter>Header Files</Filter>
    </ClInclude>
    <ClInclude Include="phnt\ntlpcapi.h">
      <Filter>Header Files</Filter>
    </ClInclude>
    <ClInclude Include="phnt\ntmisc.h">
      <Filter>Header Files</Filter>
    </ClInclude>
    <ClInclude Include="phnt\ntmmapi.h">
      <Filter>Header Files</Filter>
    </ClInclude>
    <ClInclude Include="phnt\ntnls.h">
      <Filter>Header Files</Filter>
    </ClInclude>
    <ClInclude Include="phnt\ntobapi.h">
      <Filter>Header Files</Filter>
    </ClInclude>
    <ClInclude Include="phnt\ntpebteb.h">
      <Filter>Header Files</Filter>
    </ClInclude>
    <ClInclude Include="phnt\ntpfapi.h">
      <Filter>Header Files</Filter>
    </ClInclude>
    <ClInclude Include="phnt\ntpnpapi.h">
      <Filter>Header Files</Filter>
    </ClInclude>
    <ClInclude Include="phnt\ntpoapi.h">
      <Filter>Header Files</Filter>
    </ClInclude>
    <ClInclude Include="phnt\ntpsapi.h">
      <Filter>Header Files</Filter>
    </ClInclude>
    <ClInclude Include="phnt\ntregapi.h">
      <Filter>Header Files</Filter>
    </ClInclude>
    <ClInclude Include="phnt\ntrtl.h">
      <Filter>Header Files</Filter>
    </ClInclude>
    <ClInclude Include="phnt\ntsam.h">
      <Filter>Header Files</Filter>
    </ClInclude>
    <ClInclude Include="phnt\ntseapi.h">
      <Filter>Header Files</Filter>
    </ClInclude>
    <ClInclude Include="phnt\ntsmss.h">
      <Filter>Header Files</Filter>
    </ClInclude>
    <ClInclude Include="phnt\nttmapi.h">
      <Filter>Header Files</Filter>
    </ClInclude>
    <ClInclude Include="phnt\nttp.h">
      <Filter>Header Files</Filter>
    </ClInclude>
    <ClInclude Include="phnt\ntwow64.h">
      <Filter>Header Files</Filter>
    </ClInclude>
    <ClInclude Include="phnt\ntxcapi.h">
      <Filter>Header Files</Filter>
    </ClInclude>
    <ClInclude Include="phnt\ntzwapi.h">
      <Filter>Header Files</Filter>
    </ClInclude>
    <ClInclude Include="phnt\phnt.h">
      <Filter>Header Files</Filter>
    </ClInclude>
    <ClInclude Include="phnt\phnt_ntdef.h">
      <Filter>Header Files</Filter>
    </ClInclude>
    <ClInclude Include="phnt\phnt_windows.h">
      <Filter>Header Files</Filter>
    </ClInclude>
    <ClInclude Include="phnt\subprocesstag.h">
      <Filter>Header Files</Filter>
    </ClInclude>
    <ClInclude Include="phnt\winsta.h">
      <Filter>Header Files</Filter>
    </ClInclude>
    <ClInclude Include="src\helperFunctions.h">
      <Filter>Header Files</Filter>
    </ClInclude>
    <ClInclude Include="WinDivert\windivert.h">
      <Filter>Header Files</Filter>
    </ClInclude>
    <ClInclude Include="jsoncpp_x64-windows\include\json\allocator.h">
      <Filter>Header Files</Filter>
    </ClInclude>
    <ClInclude Include="jsoncpp_x64-windows\include\json\assertions.h">
      <Filter>Header Files</Filter>
    </ClInclude>
    <ClInclude Include="jsoncpp_x64-windows\include\json\config.h">
      <Filter>Header Files</Filter>
    </ClInclude>
    <ClInclude Include="jsoncpp_x64-windows\include\json\forwards.h">
      <Filter>Header Files</Filter>
    </ClInclude>
    <ClInclude Include="jsoncpp_x64-windows\include\json\json.h">
      <Filter>Header Files</Filter>
    </ClInclude>
    <ClInclude Include="jsoncpp_x64-windows\include\json\json_features.h">
      <Filter>Header Files</Filter>
    </ClInclude>
    <ClInclude Include="jsoncpp_x64-windows\include\json\reader.h">
      <Filter>Header Files</Filter>
    </ClInclude>
    <ClInclude Include="jsoncpp_x64-windows\include\json\value.h">
      <Filter>Header Files</Filter>
    </ClInclude>
    <ClInclude Include="jsoncpp_x64-windows\include\json\version.h">
      <Filter>Header Files</Filter>
    </ClInclude>
    <ClInclude Include="jsoncpp_x64-windows\include\json\writer.h">
      <Filter>Header Files</Filter>
    </ClInclude>
    <ClInclude Include="src\jsoncpp_header\allocator.h">
      <Filter>Header Files</Filter>
    </ClInclude>
    <ClInclude Include="src\jsoncpp_header\assertions.h">
      <Filter>Header Files</Filter>
    </ClInclude>
    <ClInclude Include="src\jsoncpp_header\config.h">
      <Filter>Header Files</Filter>
    </ClInclude>
    <ClInclude Include="src\jsoncpp_header\forwards.h">
      <Filter>Header Files</Filter>
    </ClInclude>
    <ClInclude Include="src\jsoncpp_header\json.h">
      <Filter>Header Files</Filter>
    </ClInclude>
    <ClInclude Include="src\jsoncpp_header\json_features.h">
      <Filter>Header Files</Filter>
    </ClInclude>
    <ClInclude Include="src\jsoncpp_header\reader.h">
      <Filter>Header Files</Filter>
    </ClInclude>
    <ClInclude Include="src\jsoncpp_header\value.h">
      <Filter>Header Files</Filter>
    </ClInclude>
    <ClInclude Include="src\jsoncpp_header\version.h">
      <Filter>Header Files</Filter>
    </ClInclude>
    <ClInclude Include="src\jsoncpp_header\writer.h">
      <Filter>Header Files</Filter>
    </ClInclude>
    <ClInclude Include="src\ConfigFile.h">
      <Filter>Source Files</Filter>
    </ClInclude>
    <ClInclude Include="src\main.h">
      <Filter>Source Files</Filter>
    </ClInclude>
    <ClInclude Include="src\windivertFunctions.h">
      <Filter>Source Files</Filter>
    </ClInclude>
    <ClInclude Include="src\krekens_overlay.h">
      <Filter>Source Files</Filter>
    </ClInclude>
    <ClInclude Include="src\HotkeyManager.h">
      <Filter>Source Files</Filter>
    </ClInclude>
  </ItemGroup>
  <ItemGroup>
    <Library Include="WinDivert\WinDivert.lib">
      <Filter>Resource Files</Filter>
    </Library>
    <Library Include="..\..\..\..\..\tools\vcpkg\installed\x64-windows\lib\jsoncpp.lib">
      <Filter>Resource Files</Filter>
    </Library>
  </ItemGroup>
  <ItemGroup>
    <Image Include="..\..\..\Desktop\kraken pfp img\klimit.ico">
      <Filter>Resource Files</Filter>
    </Image>
  </ItemGroup>
</Project>